{
  "version": "0.0.0",
  "lockfileVersion": 1,
  "requires": true,
  "dependencies": {
    "@babel/code-frame": {
      "version": "7.14.5",
      "resolved": "https://registry.npmjs.org/@babel/code-frame/-/code-frame-7.14.5.tgz",
      "integrity": "sha512-9pzDqyc6OLDaqe+zbACgFkb6fKMNG6CObKpnYXChRsvYGyEdc7CA2BaqeOM+vOtCS5ndmJicPJhKAwYRI6UfFw==",
      "requires": {
        "@babel/highlight": "^7.14.5"
      }
    },
    "@babel/compat-data": {
      "version": "7.14.7",
      "resolved": "https://registry.npmjs.org/@babel/compat-data/-/compat-data-7.14.7.tgz",
      "integrity": "sha512-nS6dZaISCXJ3+518CWiBfEr//gHyMO02uDxBkXTKZDN5POruCnOZ1N4YBRZDCabwF8nZMWBpRxIicmXtBs+fvw==",
      "dev": true
    },
    "@babel/core": {
      "version": "7.14.6",
      "resolved": "https://registry.npmjs.org/@babel/core/-/core-7.14.6.tgz",
      "integrity": "sha512-gJnOEWSqTk96qG5BoIrl5bVtc23DCycmIePPYnamY9RboYdI4nFy5vAQMSl81O5K/W0sLDWfGysnOECC+KUUCA==",
      "dev": true,
      "requires": {
        "@babel/code-frame": "^7.14.5",
        "@babel/generator": "^7.14.5",
        "@babel/helper-compilation-targets": "^7.14.5",
        "@babel/helper-module-transforms": "^7.14.5",
        "@babel/helpers": "^7.14.6",
        "@babel/parser": "^7.14.6",
        "@babel/template": "^7.14.5",
        "@babel/traverse": "^7.14.5",
        "@babel/types": "^7.14.5",
        "convert-source-map": "^1.7.0",
        "debug": "^4.1.0",
        "gensync": "^1.0.0-beta.2",
        "json5": "^2.1.2",
        "semver": "^6.3.0",
        "source-map": "^0.5.0"
      }
    },
    "@babel/generator": {
      "version": "7.14.5",
      "resolved": "https://registry.npmjs.org/@babel/generator/-/generator-7.14.5.tgz",
      "integrity": "sha512-y3rlP+/G25OIX3mYKKIOlQRcqj7YgrvHxOLbVmyLJ9bPmi5ttvUmpydVjcFjZphOktWuA7ovbx91ECloWTfjIA==",
      "dev": true,
      "requires": {
        "@babel/types": "^7.14.5",
        "jsesc": "^2.5.1",
        "source-map": "^0.5.0"
      }
    },
    "@babel/helper-compilation-targets": {
      "version": "7.14.5",
      "resolved": "https://registry.npmjs.org/@babel/helper-compilation-targets/-/helper-compilation-targets-7.14.5.tgz",
      "integrity": "sha512-v+QtZqXEiOnpO6EYvlImB6zCD2Lel06RzOPzmkz/D/XgQiUu3C/Jb1LOqSt/AIA34TYi/Q+KlT8vTQrgdxkbLw==",
      "dev": true,
      "requires": {
        "@babel/compat-data": "^7.14.5",
        "@babel/helper-validator-option": "^7.14.5",
        "browserslist": "^4.16.6",
        "semver": "^6.3.0"
      }
    },
    "@babel/helper-function-name": {
      "version": "7.14.5",
      "resolved": "https://registry.npmjs.org/@babel/helper-function-name/-/helper-function-name-7.14.5.tgz",
      "integrity": "sha512-Gjna0AsXWfFvrAuX+VKcN/aNNWonizBj39yGwUzVDVTlMYJMK2Wp6xdpy72mfArFq5uK+NOuexfzZlzI1z9+AQ==",
      "dev": true,
      "requires": {
        "@babel/helper-get-function-arity": "^7.14.5",
        "@babel/template": "^7.14.5",
        "@babel/types": "^7.14.5"
      }
    },
    "@babel/helper-get-function-arity": {
      "version": "7.14.5",
      "resolved": "https://registry.npmjs.org/@babel/helper-get-function-arity/-/helper-get-function-arity-7.14.5.tgz",
      "integrity": "sha512-I1Db4Shst5lewOM4V+ZKJzQ0JGGaZ6VY1jYvMghRjqs6DWgxLCIyFt30GlnKkfUeFLpJt2vzbMVEXVSXlIFYUg==",
      "dev": true,
      "requires": {
        "@babel/types": "^7.14.5"
      }
    },
    "@babel/helper-hoist-variables": {
      "version": "7.14.5",
      "resolved": "https://registry.npmjs.org/@babel/helper-hoist-variables/-/helper-hoist-variables-7.14.5.tgz",
      "integrity": "sha512-R1PXiz31Uc0Vxy4OEOm07x0oSjKAdPPCh3tPivn/Eo8cvz6gveAeuyUUPB21Hoiif0uoPQSSdhIPS3352nvdyQ==",
      "dev": true,
      "requires": {
        "@babel/types": "^7.14.5"
      }
    },
    "@babel/helper-member-expression-to-functions": {
      "version": "7.14.7",
      "resolved": "https://registry.npmjs.org/@babel/helper-member-expression-to-functions/-/helper-member-expression-to-functions-7.14.7.tgz",
      "integrity": "sha512-TMUt4xKxJn6ccjcOW7c4hlwyJArizskAhoSTOCkA0uZ+KghIaci0Qg9R043kUMWI9mtQfgny+NQ5QATnZ+paaA==",
      "dev": true,
      "requires": {
        "@babel/types": "^7.14.5"
      }
    },
    "@babel/helper-module-imports": {
      "version": "7.14.5",
      "resolved": "https://registry.npmjs.org/@babel/helper-module-imports/-/helper-module-imports-7.14.5.tgz",
      "integrity": "sha512-SwrNHu5QWS84XlHwGYPDtCxcA0hrSlL2yhWYLgeOc0w7ccOl2qv4s/nARI0aYZW+bSwAL5CukeXA47B/1NKcnQ==",
      "requires": {
        "@babel/types": "^7.14.5"
      }
    },
    "@babel/helper-module-transforms": {
      "version": "7.14.5",
      "resolved": "https://registry.npmjs.org/@babel/helper-module-transforms/-/helper-module-transforms-7.14.5.tgz",
      "integrity": "sha512-iXpX4KW8LVODuAieD7MzhNjmM6dzYY5tfRqT+R9HDXWl0jPn/djKmA+G9s/2C2T9zggw5tK1QNqZ70USfedOwA==",
      "dev": true,
      "requires": {
        "@babel/helper-module-imports": "^7.14.5",
        "@babel/helper-replace-supers": "^7.14.5",
        "@babel/helper-simple-access": "^7.14.5",
        "@babel/helper-split-export-declaration": "^7.14.5",
        "@babel/helper-validator-identifier": "^7.14.5",
        "@babel/template": "^7.14.5",
        "@babel/traverse": "^7.14.5",
        "@babel/types": "^7.14.5"
      }
    },
    "@babel/helper-optimise-call-expression": {
      "version": "7.14.5",
      "resolved": "https://registry.npmjs.org/@babel/helper-optimise-call-expression/-/helper-optimise-call-expression-7.14.5.tgz",
      "integrity": "sha512-IqiLIrODUOdnPU9/F8ib1Fx2ohlgDhxnIDU7OEVi+kAbEZcyiF7BLU8W6PfvPi9LzztjS7kcbzbmL7oG8kD6VA==",
      "dev": true,
      "requires": {
        "@babel/types": "^7.14.5"
      }
    },
    "@babel/helper-plugin-utils": {
      "version": "7.14.5",
      "resolved": "https://registry.npmjs.org/@babel/helper-plugin-utils/-/helper-plugin-utils-7.14.5.tgz",
      "integrity": "sha512-/37qQCE3K0vvZKwoK4XU/irIJQdIfCJuhU5eKnNxpFDsOkgFaUAwbv+RYw6eYgsC0E4hS7r5KqGULUogqui0fQ=="
    },
    "@babel/helper-replace-supers": {
      "version": "7.14.5",
      "resolved": "https://registry.npmjs.org/@babel/helper-replace-supers/-/helper-replace-supers-7.14.5.tgz",
      "integrity": "sha512-3i1Qe9/8x/hCHINujn+iuHy+mMRLoc77b2nI9TB0zjH1hvn9qGlXjWlggdwUcju36PkPCy/lpM7LLUdcTyH4Ow==",
      "dev": true,
      "requires": {
        "@babel/helper-member-expression-to-functions": "^7.14.5",
        "@babel/helper-optimise-call-expression": "^7.14.5",
        "@babel/traverse": "^7.14.5",
        "@babel/types": "^7.14.5"
      }
    },
    "@babel/helper-simple-access": {
      "version": "7.14.5",
      "resolved": "https://registry.npmjs.org/@babel/helper-simple-access/-/helper-simple-access-7.14.5.tgz",
      "integrity": "sha512-nfBN9xvmCt6nrMZjfhkl7i0oTV3yxR4/FztsbOASyTvVcoYd0TRHh7eMLdlEcCqobydC0LAF3LtC92Iwxo0wyw==",
      "dev": true,
      "requires": {
        "@babel/types": "^7.14.5"
      }
    },
    "@babel/helper-split-export-declaration": {
      "version": "7.14.5",
      "resolved": "https://registry.npmjs.org/@babel/helper-split-export-declaration/-/helper-split-export-declaration-7.14.5.tgz",
      "integrity": "sha512-hprxVPu6e5Kdp2puZUmvOGjaLv9TCe58E/Fl6hRq4YiVQxIcNvuq6uTM2r1mT/oPskuS9CgR+I94sqAYv0NGKA==",
      "dev": true,
      "requires": {
        "@babel/types": "^7.14.5"
      }
    },
    "@babel/helper-validator-identifier": {
      "version": "7.14.5",
      "resolved": "https://registry.npmjs.org/@babel/helper-validator-identifier/-/helper-validator-identifier-7.14.5.tgz",
      "integrity": "sha512-5lsetuxCLilmVGyiLEfoHBRX8UCFD+1m2x3Rj97WrW3V7H3u4RWRXA4evMjImCsin2J2YT0QaVDGf+z8ondbAg=="
    },
    "@babel/helper-validator-option": {
      "version": "7.14.5",
      "resolved": "https://registry.npmjs.org/@babel/helper-validator-option/-/helper-validator-option-7.14.5.tgz",
      "integrity": "sha512-OX8D5eeX4XwcroVW45NMvoYaIuFI+GQpA2a8Gi+X/U/cDUIRsV37qQfF905F0htTRCREQIB4KqPeaveRJUl3Ow==",
      "dev": true
    },
    "@babel/helpers": {
      "version": "7.14.6",
      "resolved": "https://registry.npmjs.org/@babel/helpers/-/helpers-7.14.6.tgz",
      "integrity": "sha512-yesp1ENQBiLI+iYHSJdoZKUtRpfTlL1grDIX9NRlAVppljLw/4tTyYupIB7uIYmC3stW/imAv8EqaKaS/ibmeA==",
      "dev": true,
      "requires": {
        "@babel/template": "^7.14.5",
        "@babel/traverse": "^7.14.5",
        "@babel/types": "^7.14.5"
      }
    },
    "@babel/highlight": {
      "version": "7.14.5",
      "resolved": "https://registry.npmjs.org/@babel/highlight/-/highlight-7.14.5.tgz",
      "integrity": "sha512-qf9u2WFWVV0MppaL877j2dBtQIDgmidgjGk5VIMw3OadXvYaXn66U1BFlH2t4+t3i+8PhedppRv+i40ABzd+gg==",
      "requires": {
        "@babel/helper-validator-identifier": "^7.14.5",
        "chalk": "^2.0.0",
        "js-tokens": "^4.0.0"
      }
    },
    "@babel/parser": {
      "version": "7.14.7",
      "resolved": "https://registry.npmjs.org/@babel/parser/-/parser-7.14.7.tgz",
      "integrity": "sha512-X67Z5y+VBJuHB/RjwECp8kSl5uYi0BvRbNeWqkaJCVh+LiTPl19WBUfG627psSgp9rSf6ojuXghQM3ha6qHHdA==",
      "dev": true
    },
    "@babel/plugin-syntax-jsx": {
      "version": "7.14.5",
      "resolved": "https://registry.npmjs.org/@babel/plugin-syntax-jsx/-/plugin-syntax-jsx-7.14.5.tgz",
      "integrity": "sha512-ohuFIsOMXJnbOMRfX7/w7LocdR6R7whhuRD4ax8IipLcLPlZGJKkBxgHp++U4N/vKyU16/YDQr2f5seajD3jIw==",
      "requires": {
        "@babel/helper-plugin-utils": "^7.14.5"
      }
    },
    "@babel/plugin-transform-react-jsx-self": {
      "version": "7.14.5",
      "resolved": "https://registry.npmjs.org/@babel/plugin-transform-react-jsx-self/-/plugin-transform-react-jsx-self-7.14.5.tgz",
      "integrity": "sha512-M/fmDX6n0cfHK/NLTcPmrfVAORKDhK8tyjDhyxlUjYyPYYO8FRWwuxBA3WBx8kWN/uBUuwGa3s/0+hQ9JIN3Tg==",
      "dev": true,
      "requires": {
        "@babel/helper-plugin-utils": "^7.14.5"
      }
    },
    "@babel/plugin-transform-react-jsx-source": {
      "version": "7.14.5",
      "resolved": "https://registry.npmjs.org/@babel/plugin-transform-react-jsx-source/-/plugin-transform-react-jsx-source-7.14.5.tgz",
      "integrity": "sha512-1TpSDnD9XR/rQ2tzunBVPThF5poaYT9GqP+of8fAtguYuI/dm2RkrMBDemsxtY0XBzvW7nXjYM0hRyKX9QYj7Q==",
      "dev": true,
      "requires": {
        "@babel/helper-plugin-utils": "^7.14.5"
      }
    },
    "@babel/runtime": {
      "version": "7.14.6",
      "resolved": "https://registry.npmjs.org/@babel/runtime/-/runtime-7.14.6.tgz",
      "integrity": "sha512-/PCB2uJ7oM44tz8YhC4Z/6PeOKXp4K588f+5M3clr1M4zbqztlo0XEfJ2LEzj/FgwfgGcIdl8n7YYjTCI0BYwg==",
      "requires": {
        "regenerator-runtime": "^0.13.4"
      }
    },
    "@babel/template": {
      "version": "7.14.5",
      "resolved": "https://registry.npmjs.org/@babel/template/-/template-7.14.5.tgz",
      "integrity": "sha512-6Z3Po85sfxRGachLULUhOmvAaOo7xCvqGQtxINai2mEGPFm6pQ4z5QInFnUrRpfoSV60BnjyF5F3c+15fxFV1g==",
      "dev": true,
      "requires": {
        "@babel/code-frame": "^7.14.5",
        "@babel/parser": "^7.14.5",
        "@babel/types": "^7.14.5"
      }
    },
    "@babel/traverse": {
      "version": "7.14.7",
      "resolved": "https://registry.npmjs.org/@babel/traverse/-/traverse-7.14.7.tgz",
      "integrity": "sha512-9vDr5NzHu27wgwejuKL7kIOm4bwEtaPQ4Z6cpCmjSuaRqpH/7xc4qcGEscwMqlkwgcXl6MvqoAjZkQ24uSdIZQ==",
      "dev": true,
      "requires": {
        "@babel/code-frame": "^7.14.5",
        "@babel/generator": "^7.14.5",
        "@babel/helper-function-name": "^7.14.5",
        "@babel/helper-hoist-variables": "^7.14.5",
        "@babel/helper-split-export-declaration": "^7.14.5",
        "@babel/parser": "^7.14.7",
        "@babel/types": "^7.14.5",
        "debug": "^4.1.0",
        "globals": "^11.1.0"
      }
    },
    "@babel/types": {
      "version": "7.14.5",
      "resolved": "https://registry.npmjs.org/@babel/types/-/types-7.14.5.tgz",
      "integrity": "sha512-M/NzBpEL95I5Hh4dwhin5JlE7EzO5PHMAuzjxss3tiOBD46KfQvVedN/3jEPZvdRvtsK2222XfdHogNIttFgcg==",
      "requires": {
        "@babel/helper-validator-identifier": "^7.14.5",
        "to-fast-properties": "^2.0.0"
      }
    },
    "@emotion/babel-plugin": {
      "version": "11.3.0",
      "resolved": "https://registry.npmjs.org/@emotion/babel-plugin/-/babel-plugin-11.3.0.tgz",
      "integrity": "sha512-UZKwBV2rADuhRp+ZOGgNWg2eYgbzKzQXfQPtJbu/PLy8onurxlNCLvxMQEvlr1/GudguPI5IU9qIY1+2z1M5bA==",
      "requires": {
        "@babel/helper-module-imports": "^7.12.13",
        "@babel/plugin-syntax-jsx": "^7.12.13",
        "@babel/runtime": "^7.13.10",
        "@emotion/hash": "^0.8.0",
        "@emotion/memoize": "^0.7.5",
        "@emotion/serialize": "^1.0.2",
        "babel-plugin-macros": "^2.6.1",
        "convert-source-map": "^1.5.0",
        "escape-string-regexp": "^4.0.0",
        "find-root": "^1.1.0",
        "source-map": "^0.5.7",
        "stylis": "^4.0.3"
      },
      "dependencies": {
        "escape-string-regexp": {
          "version": "4.0.0",
          "resolved": "https://registry.npmjs.org/escape-string-regexp/-/escape-string-regexp-4.0.0.tgz",
          "integrity": "sha512-TtpcNJ3XAzx3Gq8sWRzJaVajRs0uVxA2YAkdb1jm2YkPz4G6egUFAyA3n5vtEIZefPk5Wa4UXbKuS5fKkJWdgA=="
        }
      }
    },
    "@emotion/cache": {
      "version": "11.4.0",
      "resolved": "https://registry.npmjs.org/@emotion/cache/-/cache-11.4.0.tgz",
      "integrity": "sha512-Zx70bjE7LErRO9OaZrhf22Qye1y4F7iDl+ITjet0J+i+B88PrAOBkKvaAWhxsZf72tDLajwCgfCjJ2dvH77C3g==",
      "requires": {
        "@emotion/memoize": "^0.7.4",
        "@emotion/sheet": "^1.0.0",
        "@emotion/utils": "^1.0.0",
        "@emotion/weak-memoize": "^0.2.5",
        "stylis": "^4.0.3"
      }
    },
    "@emotion/css": {
      "version": "11.1.3",
      "resolved": "https://registry.npmjs.org/@emotion/css/-/css-11.1.3.tgz",
      "integrity": "sha512-RSQP59qtCNTf5NWD6xM08xsQdCZmVYnX/panPYvB6LQAPKQB6GL49Njf0EMbS3CyDtrlWsBcmqBtysFvfWT3rA==",
      "requires": {
        "@emotion/babel-plugin": "^11.0.0",
        "@emotion/cache": "^11.1.3",
        "@emotion/serialize": "^1.0.0",
        "@emotion/sheet": "^1.0.0",
        "@emotion/utils": "^1.0.0"
      }
    },
    "@emotion/hash": {
      "version": "0.8.0",
      "resolved": "https://registry.npmjs.org/@emotion/hash/-/hash-0.8.0.tgz",
      "integrity": "sha512-kBJtf7PH6aWwZ6fka3zQ0p6SBYzx4fl1LoZXE2RrnYST9Xljm7WfKJrU4g/Xr3Beg72MLrp1AWNUmuYJTL7Cow=="
    },
    "@emotion/is-prop-valid": {
      "version": "1.1.0",
      "resolved": "https://registry.npmjs.org/@emotion/is-prop-valid/-/is-prop-valid-1.1.0.tgz",
      "integrity": "sha512-9RkilvXAufQHsSsjQ3PIzSns+pxuX4EW8EbGeSPjZMHuMx6z/MOzb9LpqNieQX4F3mre3NWS2+X3JNRHTQztUQ==",
      "requires": {
        "@emotion/memoize": "^0.7.4"
      }
    },
    "@emotion/memoize": {
      "version": "0.7.5",
      "resolved": "https://registry.npmjs.org/@emotion/memoize/-/memoize-0.7.5.tgz",
      "integrity": "sha512-igX9a37DR2ZPGYtV6suZ6whr8pTFtyHL3K/oLUotxpSVO2ASaprmAe2Dkq7tBo7CRY7MMDrAa9nuQP9/YG8FxQ=="
    },
    "@emotion/react": {
      "version": "11.4.0",
      "resolved": "https://registry.npmjs.org/@emotion/react/-/react-11.4.0.tgz",
      "integrity": "sha512-4XklWsl9BdtatLoJpSjusXhpKv9YVteYKh9hPKP1Sxl+mswEFoUe0WtmtWjxEjkA51DQ2QRMCNOvKcSlCQ7ivg==",
      "requires": {
        "@babel/runtime": "^7.13.10",
        "@emotion/cache": "^11.4.0",
        "@emotion/serialize": "^1.0.2",
        "@emotion/sheet": "^1.0.1",
        "@emotion/utils": "^1.0.0",
        "@emotion/weak-memoize": "^0.2.5",
        "hoist-non-react-statics": "^3.3.1"
      }
    },
    "@emotion/serialize": {
      "version": "1.0.2",
      "resolved": "https://registry.npmjs.org/@emotion/serialize/-/serialize-1.0.2.tgz",
      "integrity": "sha512-95MgNJ9+/ajxU7QIAruiOAdYNjxZX7G2mhgrtDWswA21VviYIRP1R5QilZ/bDY42xiKsaktP4egJb3QdYQZi1A==",
      "requires": {
        "@emotion/hash": "^0.8.0",
        "@emotion/memoize": "^0.7.4",
        "@emotion/unitless": "^0.7.5",
        "@emotion/utils": "^1.0.0",
        "csstype": "^3.0.2"
      }
    },
    "@emotion/sheet": {
      "version": "1.0.1",
      "resolved": "https://registry.npmjs.org/@emotion/sheet/-/sheet-1.0.1.tgz",
      "integrity": "sha512-GbIvVMe4U+Zc+929N1V7nW6YYJtidj31lidSmdYcWozwoBIObXBnaJkKNDjZrLm9Nc0BR+ZyHNaRZxqNZbof5g=="
    },
    "@emotion/styled": {
      "version": "11.3.0",
      "resolved": "https://registry.npmjs.org/@emotion/styled/-/styled-11.3.0.tgz",
      "integrity": "sha512-fUoLcN3BfMiLlRhJ8CuPUMEyKkLEoM+n+UyAbnqGEsCd5IzKQ7VQFLtzpJOaCD2/VR2+1hXQTnSZXVJeiTNltA==",
      "requires": {
        "@babel/runtime": "^7.13.10",
        "@emotion/babel-plugin": "^11.3.0",
        "@emotion/is-prop-valid": "^1.1.0",
        "@emotion/serialize": "^1.0.2",
        "@emotion/utils": "^1.0.0"
      }
    },
    "@emotion/unitless": {
      "version": "0.7.5",
      "resolved": "https://registry.npmjs.org/@emotion/unitless/-/unitless-0.7.5.tgz",
      "integrity": "sha512-OWORNpfjMsSSUBVrRBVGECkhWcULOAJz9ZW8uK9qgxD+87M7jHRcvh/A96XXNhXTLmKcoYSQtBEX7lHMO7YRwg=="
    },
    "@emotion/utils": {
      "version": "1.0.0",
      "resolved": "https://registry.npmjs.org/@emotion/utils/-/utils-1.0.0.tgz",
      "integrity": "sha512-mQC2b3XLDs6QCW+pDQDiyO/EdGZYOygE8s5N5rrzjSI4M3IejPE/JPndCBwRT9z982aqQNi6beWs1UeayrQxxA=="
    },
    "@emotion/weak-memoize": {
      "version": "0.2.5",
      "resolved": "https://registry.npmjs.org/@emotion/weak-memoize/-/weak-memoize-0.2.5.tgz",
      "integrity": "sha512-6U71C2Wp7r5XtFtQzYrW5iKFT67OixrSxjI4MptCHzdSVlgabczzqLe0ZSgnub/5Kp4hSbpDB1tMytZY9pwxxA=="
    },
    "@react-hook/debounce": {
      "version": "3.0.0",
      "resolved": "https://registry.npmjs.org/@react-hook/debounce/-/debounce-3.0.0.tgz",
      "integrity": "sha512-ir/kPrSfAzY12Gre0sOHkZ2rkEmM4fS5M5zFxCi4BnCeXh2nvx9Ujd+U4IGpKCuPA+EQD0pg1eK2NGLvfWejag==",
      "requires": {
        "@react-hook/latest": "^1.0.2"
      }
    },
    "@react-hook/event": {
      "version": "1.2.3",
      "resolved": "https://registry.npmjs.org/@react-hook/event/-/event-1.2.3.tgz",
      "integrity": "sha512-WMBwLnYY2rubLeecsi4skl1imfx0oiXTgazV/1ByPT6WkmLvxUao3hC+mxps5D/+JK4Fq3uG9OWU/dn5jMtXyg==",
      "requires": {
        "@react-hook/passive-layout-effect": "^1.2.0"
      }
    },
    "@react-hook/latest": {
      "version": "1.0.3",
      "resolved": "https://registry.npmjs.org/@react-hook/latest/-/latest-1.0.3.tgz",
      "integrity": "sha512-dy6duzl+JnAZcDbNTfmaP3xHiKtbXYOaz3G51MGVljh548Y8MWzTr+PHLOfvpypEVW9zwvl+VyKjbWKEVbV1Rg=="
    },
    "@react-hook/passive-layout-effect": {
      "version": "1.2.1",
      "resolved": "https://registry.npmjs.org/@react-hook/passive-layout-effect/-/passive-layout-effect-1.2.1.tgz",
      "integrity": "sha512-IwEphTD75liO8g+6taS+4oqz+nnroocNfWVHWz7j+N+ZO2vYrc6PV1q7GQhuahL0IOR7JccFTsFKQ/mb6iZWAg=="
    },
    "@react-hook/throttle": {
      "version": "2.2.0",
      "resolved": "https://registry.npmjs.org/@react-hook/throttle/-/throttle-2.2.0.tgz",
      "integrity": "sha512-LJ5eg+yMV8lXtqK3lR+OtOZ2WH/EfWvuiEEu0M3bhR7dZRfTyEJKxH1oK9uyBxiXPtWXiQggWbZirMCXam51tg==",
      "requires": {
        "@react-hook/latest": "^1.0.2"
      }
    },
    "@react-hook/window-size": {
      "version": "3.0.7",
      "resolved": "https://registry.npmjs.org/@react-hook/window-size/-/window-size-3.0.7.tgz",
      "integrity": "sha512-bK5ed/jN+cxy0s1jt2CelCnUt7jZRseUvPQ22ZJkUl/QDOsD+7CA/6wcqC3c0QweM/fPBRP6uI56TJ48SnlVww==",
      "requires": {
        "@react-hook/debounce": "^3.0.0",
        "@react-hook/event": "^1.2.1",
        "@react-hook/throttle": "^2.2.0"
      }
    },
    "@rollup/pluginutils": {
      "version": "4.1.0",
      "resolved": "https://registry.npmjs.org/@rollup/pluginutils/-/pluginutils-4.1.0.tgz",
      "integrity": "sha512-TrBhfJkFxA+ER+ew2U2/fHbebhLT/l/2pRk0hfj9KusXUuRXd2v0R58AfaZK9VXDQ4TogOSEmICVrQAA3zFnHQ==",
      "dev": true,
      "requires": {
        "estree-walker": "^2.0.1",
        "picomatch": "^2.2.2"
      }
    },
    "@types/parse-json": {
      "version": "4.0.0",
      "resolved": "https://registry.npmjs.org/@types/parse-json/-/parse-json-4.0.0.tgz",
      "integrity": "sha512-//oorEZjL6sbPcKUaCdIGlIUeH26mgzimjBB77G6XRgnDl/L5wOnpyBGRe/Mmf5CVW3PwEBE1NjiMZ/ssFh4wA=="
    },
    "@vitejs/plugin-react-refresh": {
      "version": "1.3.4",
      "resolved": "https://registry.npmjs.org/@vitejs/plugin-react-refresh/-/plugin-react-refresh-1.3.4.tgz",
      "integrity": "sha512-ArYbVo74P0tBSeNeDf3IdUZ3iMe8hE4eOLsXiefkCeffC9D8bhzj7FNOwvy4vuvAGNV6LPBcbVdlYuEwrUO5Aw==",
      "dev": true,
      "requires": {
        "@babel/core": "^7.14.6",
        "@babel/plugin-transform-react-jsx-self": "^7.14.5",
        "@babel/plugin-transform-react-jsx-source": "^7.14.5",
        "@rollup/pluginutils": "^4.1.0",
        "react-refresh": "^0.9.0"
      }
    },
    "ansi-styles": {
      "version": "3.2.1",
      "resolved": "https://registry.npmjs.org/ansi-styles/-/ansi-styles-3.2.1.tgz",
      "integrity": "sha512-VT0ZI6kZRdTh8YyJw3SMbYm/u+NqfsAxEpWO0Pf9sq8/e94WxxOpPKx9FR1FlyCtOVDNOQ+8ntlqFxiRc+r5qA==",
      "requires": {
        "color-convert": "^1.9.0"
      }
    },
    "babel-plugin-macros": {
      "version": "2.8.0",
      "resolved": "https://registry.npmjs.org/babel-plugin-macros/-/babel-plugin-macros-2.8.0.tgz",
      "integrity": "sha512-SEP5kJpfGYqYKpBrj5XU3ahw5p5GOHJ0U5ssOSQ/WBVdwkD2Dzlce95exQTs3jOVWPPKLBN2rlEWkCK7dSmLvg==",
      "requires": {
        "@babel/runtime": "^7.7.2",
        "cosmiconfig": "^6.0.0",
        "resolve": "^1.12.0"
      }
    },
    "browserslist": {
      "version": "4.16.6",
      "resolved": "https://registry.npmjs.org/browserslist/-/browserslist-4.16.6.tgz",
      "integrity": "sha512-Wspk/PqO+4W9qp5iUTJsa1B/QrYn1keNCcEP5OvP7WBwT4KaDly0uONYmC6Xa3Z5IqnUgS0KcgLYu1l74x0ZXQ==",
      "dev": true,
      "requires": {
        "caniuse-lite": "^1.0.30001219",
        "colorette": "^1.2.2",
        "electron-to-chromium": "^1.3.723",
        "escalade": "^3.1.1",
        "node-releases": "^1.1.71"
      }
    },
    "callsites": {
      "version": "3.1.0",
      "resolved": "https://registry.npmjs.org/callsites/-/callsites-3.1.0.tgz",
      "integrity": "sha512-P8BjAsXvZS+VIDUI11hHCQEv74YT67YUi5JJFNWIqL235sBmjX4+qx9Muvls5ivyNENctx46xQLQ3aTuE7ssaQ=="
    },
    "caniuse-lite": {
      "version": "1.0.30001242",
      "resolved": "https://registry.npmjs.org/caniuse-lite/-/caniuse-lite-1.0.30001242.tgz",
      "integrity": "sha512-KvNuZ/duufelMB3w2xtf9gEWCSxJwUgoxOx5b6ScLXC4kPc9xsczUVCPrQU26j5kOsHM4pSUL54tAZt5THQKug==",
      "dev": true
    },
    "chalk": {
      "version": "2.4.2",
      "resolved": "https://registry.npmjs.org/chalk/-/chalk-2.4.2.tgz",
      "integrity": "sha512-Mti+f9lpJNcwF4tWV8/OrTTtF1gZi+f8FqlyAdouralcFWFQWF2+NgCHShjkCb+IFBLq9buZwE1xckQU4peSuQ==",
      "requires": {
        "ansi-styles": "^3.2.1",
        "escape-string-regexp": "^1.0.5",
        "supports-color": "^5.3.0"
      }
    },
    "classnames": {
      "version": "2.3.1",
      "resolved": "https://registry.npmjs.org/classnames/-/classnames-2.3.1.tgz",
      "integrity": "sha512-OlQdbZ7gLfGarSqxesMesDa5uz7KFbID8Kpq/SxIoNGDqY8lSYs0D+hhtBXhcdB3rcbXArFr7vlHheLk1voeNA=="
    },
    "clsx": {
      "version": "1.1.1",
      "resolved": "https://registry.npmjs.org/clsx/-/clsx-1.1.1.tgz",
      "integrity": "sha512-6/bPho624p3S2pMyvP5kKBPXnI3ufHLObBFCfgx+LkeR5lg2XYy2hqZqUf45ypD8COn2bhgGJSUE+l5dhNBieA=="
    },
    "color-convert": {
      "version": "1.9.3",
      "resolved": "https://registry.npmjs.org/color-convert/-/color-convert-1.9.3.tgz",
      "integrity": "sha512-QfAUtd+vFdAtFQcC8CCyYt1fYWxSqAiK2cSD6zDB8N3cpsEBAvRxp9zOGg6G/SHHJYAT88/az/IuDGALsNVbGg==",
      "requires": {
        "color-name": "1.1.3"
      }
    },
    "color-name": {
      "version": "1.1.3",
      "resolved": "https://registry.npmjs.org/color-name/-/color-name-1.1.3.tgz",
      "integrity": "sha1-p9BVi9icQveV3UIyj3QIMcpTvCU="
    },
    "colorette": {
      "version": "1.2.2",
      "resolved": "https://registry.npmjs.org/colorette/-/colorette-1.2.2.tgz",
      "integrity": "sha512-MKGMzyfeuutC/ZJ1cba9NqcNpfeqMUcYmyF1ZFY6/Cn7CNSAKx6a+s48sqLqyAiZuaP2TcqMhoo+dlwFnVxT9w==",
      "dev": true
    },
    "convert-source-map": {
      "version": "1.8.0",
      "resolved": "https://registry.npmjs.org/convert-source-map/-/convert-source-map-1.8.0.tgz",
      "integrity": "sha512-+OQdjP49zViI/6i7nIJpA8rAl4sV/JdPfU9nZs3VqOwGIgizICvuN2ru6fMd+4llL0tar18UYJXfZ/TWtmhUjA==",
      "requires": {
        "safe-buffer": "~5.1.1"
      }
    },
    "cosmiconfig": {
      "version": "6.0.0",
      "resolved": "https://registry.npmjs.org/cosmiconfig/-/cosmiconfig-6.0.0.tgz",
      "integrity": "sha512-xb3ZL6+L8b9JLLCx3ZdoZy4+2ECphCMo2PwqgP1tlfVq6M6YReyzBJtvWWtbDSpNr9hn96pkCiZqUcFEc+54Qg==",
      "requires": {
        "@types/parse-json": "^4.0.0",
        "import-fresh": "^3.1.0",
        "parse-json": "^5.0.0",
        "path-type": "^4.0.0",
        "yaml": "^1.7.2"
      }
    },
    "csstype": {
      "version": "3.0.8",
      "resolved": "https://registry.npmjs.org/csstype/-/csstype-3.0.8.tgz",
      "integrity": "sha512-jXKhWqXPmlUeoQnF/EhTtTl4C9SnrxSH/jZUih3jmO6lBKr99rP3/+FmrMj4EFpOXzMtXHAZkd3x0E6h6Fgflw=="
    },
    "debug": {
      "version": "4.3.2",
      "resolved": "https://registry.npmjs.org/debug/-/debug-4.3.2.tgz",
      "integrity": "sha512-mOp8wKcvj7XxC78zLgw/ZA+6TSgkoE2C/ienthhRD298T7UNwAg9diBpLRxC0mOezLl4B0xV7M0cCO6P/O0Xhw==",
      "dev": true,
      "requires": {
        "ms": "2.1.2"
      }
    },
    "dom-align": {
      "version": "1.12.2",
      "resolved": "https://registry.npmjs.org/dom-align/-/dom-align-1.12.2.tgz",
      "integrity": "sha512-pHuazgqrsTFrGU2WLDdXxCFabkdQDx72ddkraZNih1KsMcN5qsRSTR9O4VJRlwTPCPb5COYg3LOfiMHHcPInHg=="
    },
    "electron-to-chromium": {
      "version": "1.3.766",
      "resolved": "https://registry.npmjs.org/electron-to-chromium/-/electron-to-chromium-1.3.766.tgz",
      "integrity": "sha512-u2quJ862q9reRKh/je3GXis3w38+RoXH1J9N3XjtsS6NzmUAosNsyZgUVFZPN/ZlJ3v6T0rTyZR3q/J5c6Sy5w==",
      "dev": true
    },
    "error-ex": {
      "version": "1.3.2",
      "resolved": "https://registry.npmjs.org/error-ex/-/error-ex-1.3.2.tgz",
      "integrity": "sha512-7dFHNmqeFSEt2ZBsCriorKnn3Z2pj+fd9kmI6QoWw4//DL+icEBfc0U7qJCisqrTsKTjw4fNFy2pW9OqStD84g==",
      "requires": {
        "is-arrayish": "^0.2.1"
      }
    },
    "esbuild": {
      "version": "0.12.14",
      "resolved": "https://registry.npmjs.org/esbuild/-/esbuild-0.12.14.tgz",
      "integrity": "sha512-z8p+6FGiplR7a3pPonXREbm+8IeXjBGvDpVidZmGB/AJMsJSfGCU+n7KOMCazA9AwvagadRWBhiKorC0w9WJvw==",
      "dev": true
    },
    "escalade": {
      "version": "3.1.1",
      "resolved": "https://registry.npmjs.org/escalade/-/escalade-3.1.1.tgz",
      "integrity": "sha512-k0er2gUkLf8O0zKJiAhmkTnJlTvINGv7ygDNPbeIsX/TJjGJZHuh9B2UxbsaEkmlEo9MfhrSzmhIlhRlI2GXnw==",
      "dev": true
    },
    "escape-string-regexp": {
      "version": "1.0.5",
      "resolved": "https://registry.npmjs.org/escape-string-regexp/-/escape-string-regexp-1.0.5.tgz",
      "integrity": "sha1-G2HAViGQqN/2rjuyzwIAyhMLhtQ="
    },
    "estree-walker": {
      "version": "2.0.2",
      "resolved": "https://registry.npmjs.org/estree-walker/-/estree-walker-2.0.2.tgz",
      "integrity": "sha512-Rfkk/Mp/DL7JVje3u18FxFujQlTNR2q6QfMSMB7AvCBx91NGj/ba3kCfza0f6dVDbw7YlRf/nDrn7pQrCCyQ/w==",
      "dev": true
    },
    "exenv": {
      "version": "1.2.2",
      "resolved": "https://registry.npmjs.org/exenv/-/exenv-1.2.2.tgz",
      "integrity": "sha1-KueOhdmJQVhnCwPUe+wfA72Ru50="
    },
    "find-root": {
      "version": "1.1.0",
      "resolved": "https://registry.npmjs.org/find-root/-/find-root-1.1.0.tgz",
      "integrity": "sha512-NKfW6bec6GfKc0SGx1e07QZY9PE99u0Bft/0rzSD5k3sO/vwkVUpDUKVm5Gpp5Ue3YfShPFTX2070tDs5kB9Ng=="
    },
    "fsevents": {
      "version": "2.3.2",
      "resolved": "https://registry.npmjs.org/fsevents/-/fsevents-2.3.2.tgz",
      "integrity": "sha512-xiqMQR4xAeHTuB9uWm+fFRcIOgKBMiOBP+eXiyT7jsgVCq1bkVygt00oASowB7EdtpOHaaPgKt812P9ab+DDKA==",
      "dev": true,
      "optional": true
    },
    "function-bind": {
      "version": "1.1.1",
      "resolved": "https://registry.npmjs.org/function-bind/-/function-bind-1.1.1.tgz",
      "integrity": "sha512-yIovAzMX49sF8Yl58fSCWJ5svSLuaibPxXQJFLmBObTuCr0Mf1KiPopGM9NiFjiYBCbfaa2Fh6breQ6ANVTI0A=="
    },
    "gensync": {
      "version": "1.0.0-beta.2",
      "resolved": "https://registry.npmjs.org/gensync/-/gensync-1.0.0-beta.2.tgz",
      "integrity": "sha512-3hN7NaskYvMDLQY55gnW3NQ+mesEAepTqlg+VEbj7zzqEMBVNhzcGYYeqFo/TlYz6eQiFcp1HcsCZO+nGgS8zg==",
      "dev": true
    },
    "globals": {
      "version": "11.12.0",
      "resolved": "https://registry.npmjs.org/globals/-/globals-11.12.0.tgz",
      "integrity": "sha512-WOBp/EEGUiIsJSp7wcv/y6MO+lV9UoncWqxuFfm8eBwzWNgyfBd6Gz+IeKQ9jCmyhoH99g15M3T+QaVHFjizVA==",
      "dev": true
    },
    "has": {
      "version": "1.0.3",
      "resolved": "https://registry.npmjs.org/has/-/has-1.0.3.tgz",
      "integrity": "sha512-f2dvO0VU6Oej7RkWJGrehjbzMAjFp5/VKPp5tTpWIV4JHHZK1/BxbFRtf/siA2SWTe09caDmVtYYzWEIbBS4zw==",
      "requires": {
        "function-bind": "^1.1.1"
      }
    },
    "has-flag": {
      "version": "3.0.0",
      "resolved": "https://registry.npmjs.org/has-flag/-/has-flag-3.0.0.tgz",
      "integrity": "sha1-tdRU3CGZriJWmfNGfloH87lVuv0="
    },
    "hoist-non-react-statics": {
      "version": "3.3.2",
      "resolved": "https://registry.npmjs.org/hoist-non-react-statics/-/hoist-non-react-statics-3.3.2.tgz",
      "integrity": "sha512-/gGivxi8JPKWNm/W0jSmzcMPpfpPLc3dY/6GxhX2hQ9iGj3aDfklV4ET7NjKpSinLpJ5vafa9iiGIEZg10SfBw==",
      "requires": {
        "react-is": "^16.7.0"
      }
    },
    "import-fresh": {
      "version": "3.3.0",
      "resolved": "https://registry.npmjs.org/import-fresh/-/import-fresh-3.3.0.tgz",
      "integrity": "sha512-veYYhQa+D1QBKznvhUHxb8faxlrwUnxseDAbAp457E0wLNio2bOSKnjYDhMj+YiAq61xrMGhQk9iXVk5FzgQMw==",
      "requires": {
        "parent-module": "^1.0.0",
        "resolve-from": "^4.0.0"
      }
    },
    "is-arrayish": {
      "version": "0.2.1",
      "resolved": "https://registry.npmjs.org/is-arrayish/-/is-arrayish-0.2.1.tgz",
      "integrity": "sha1-d8mYQFJ6qOyxqLppe4BkWnqSap0="
    },
    "is-core-module": {
      "version": "2.4.0",
      "resolved": "https://registry.npmjs.org/is-core-module/-/is-core-module-2.4.0.tgz",
      "integrity": "sha512-6A2fkfq1rfeQZjxrZJGerpLCTHRNEBiSgnu0+obeJpEPZRUooHgsizvzv0ZjJwOz3iWIHdJtVWJ/tmPr3D21/A==",
      "requires": {
        "has": "^1.0.3"
      }
    },
    "js-tokens": {
      "version": "4.0.0",
      "resolved": "https://registry.npmjs.org/js-tokens/-/js-tokens-4.0.0.tgz",
      "integrity": "sha512-RdJUflcE3cUzKiMqQgsCu06FPu9UdIJO0beYbPhHN4k6apgJtifcoCtT9bcxOpYBtpD2kCM6Sbzg4CausW/PKQ=="
    },
    "jsesc": {
      "version": "2.5.2",
      "resolved": "https://registry.npmjs.org/jsesc/-/jsesc-2.5.2.tgz",
      "integrity": "sha512-OYu7XEzjkCQ3C5Ps3QIZsQfNpqoJyZZA99wd9aWd05NCtC5pWOkShK2mkL6HXQR6/Cy2lbNdPlZBpuQHXE63gA==",
      "dev": true
    },
    "json-parse-even-better-errors": {
      "version": "2.3.1",
      "resolved": "https://registry.npmjs.org/json-parse-even-better-errors/-/json-parse-even-better-errors-2.3.1.tgz",
      "integrity": "sha512-xyFwyhro/JEof6Ghe2iz2NcXoj2sloNsWr/XsERDK/oiPCfaNhl5ONfp+jQdAZRQQ0IJWNzH9zIZF7li91kh2w=="
    },
    "json5": {
      "version": "2.2.0",
      "resolved": "https://registry.npmjs.org/json5/-/json5-2.2.0.tgz",
      "integrity": "sha512-f+8cldu7X/y7RAJurMEJmdoKXGB/X550w2Nr3tTbezL6RwEE/iMcm+tZnXeoZtKuOq6ft8+CqzEkrIgx1fPoQA==",
      "dev": true,
      "requires": {
        "minimist": "^1.2.5"
      }
    },
    "lines-and-columns": {
      "version": "1.1.6",
      "resolved": "https://registry.npmjs.org/lines-and-columns/-/lines-and-columns-1.1.6.tgz",
      "integrity": "sha1-HADHQ7QzzQpOgHWPe2SldEDZ/wA="
    },
    "loose-envify": {
      "version": "1.4.0",
      "resolved": "https://registry.npmjs.org/loose-envify/-/loose-envify-1.4.0.tgz",
      "integrity": "sha512-lyuxPGr/Wfhrlem2CL/UcnUc1zcqKAImBDzukY7Y5F/yQiNdko6+fRLevlw1HgMySw7f611UIY408EtxRSoK3Q==",
      "requires": {
        "js-tokens": "^3.0.0 || ^4.0.0"
      }
    },
    "minimist": {
      "version": "1.2.5",
      "resolved": "https://registry.npmjs.org/minimist/-/minimist-1.2.5.tgz",
      "integrity": "sha512-FM9nNUYrRBAELZQT3xeZQ7fmMOBg6nWNmJKTcgsJeaLstP/UODVpGsr5OhXhhXg6f+qtJ8uiZ+PUxkDWcgIXLw==",
      "dev": true
    },
    "ms": {
      "version": "2.1.2",
      "resolved": "https://registry.npmjs.org/ms/-/ms-2.1.2.tgz",
      "integrity": "sha512-sGkPx+VjMtmA6MX27oA4FBFELFCZZ4S4XqeGOXCv68tT+jb3vk/RyaKWP0PTKyWtmLSM0b+adUTEvbs1PEaH2w==",
      "dev": true
    },
    "nanoid": {
      "version": "3.1.23",
      "resolved": "https://registry.npmjs.org/nanoid/-/nanoid-3.1.23.tgz",
      "integrity": "sha512-FiB0kzdP0FFVGDKlRLEQ1BgDzU87dy5NnzjeW9YZNt+/c3+q82EQDUwniSAUxp/F0gFNI1ZhKU1FqYsMuqZVnw==",
      "dev": true
    },
    "node-releases": {
      "version": "1.1.73",
      "resolved": "https://registry.npmjs.org/node-releases/-/node-releases-1.1.73.tgz",
      "integrity": "sha512-uW7fodD6pyW2FZNZnp/Z3hvWKeEW1Y8R1+1CnErE8cXFXzl5blBOoVB41CvMer6P6Q0S5FXDwcHgFd1Wj0U9zg==",
      "dev": true
    },
    "object-assign": {
      "version": "4.1.1",
      "resolved": "https://registry.npmjs.org/object-assign/-/object-assign-4.1.1.tgz",
      "integrity": "sha1-IQmtx5ZYh8/AXLvUQsrIv7s2CGM="
    },
    "parent-module": {
      "version": "1.0.1",
      "resolved": "https://registry.npmjs.org/parent-module/-/parent-module-1.0.1.tgz",
      "integrity": "sha512-GQ2EWRpQV8/o+Aw8YqtfZZPfNRWZYkbidE9k5rpl/hC3vtHHBfGm2Ifi6qWV+coDGkrUKZAxE3Lot5kcsRlh+g==",
      "requires": {
        "callsites": "^3.0.0"
      }
    },
    "parse-json": {
      "version": "5.2.0",
      "resolved": "https://registry.npmjs.org/parse-json/-/parse-json-5.2.0.tgz",
      "integrity": "sha512-ayCKvm/phCGxOkYRSCM82iDwct8/EonSEgCSxWxD7ve6jHggsFl4fZVQBPRNgQoKiuV/odhFrGzQXZwbifC8Rg==",
      "requires": {
        "@babel/code-frame": "^7.0.0",
        "error-ex": "^1.3.1",
        "json-parse-even-better-errors": "^2.3.0",
        "lines-and-columns": "^1.1.6"
      }
    },
    "path-parse": {
      "version": "1.0.7",
      "resolved": "https://registry.npmjs.org/path-parse/-/path-parse-1.0.7.tgz",
      "integrity": "sha512-LDJzPVEEEPR+y48z93A0Ed0yXb8pAByGWo/k5YYdYgpY2/2EsOsksJrq7lOHxryrVOn1ejG6oAp8ahvOIQD8sw=="
    },
    "path-type": {
      "version": "4.0.0",
      "resolved": "https://registry.npmjs.org/path-type/-/path-type-4.0.0.tgz",
      "integrity": "sha512-gDKb8aZMDeD/tZWs9P6+q0J9Mwkdl6xMV8TjnGP3qJVJ06bdMgkbBlLU8IdfOsIsFz2BW1rNVT3XuNEl8zPAvw=="
    },
    "picomatch": {
      "version": "2.3.0",
      "resolved": "https://registry.npmjs.org/picomatch/-/picomatch-2.3.0.tgz",
      "integrity": "sha512-lY1Q/PiJGC2zOv/z391WOTD+Z02bCgsFfvxoXXf6h7kv9o+WmsmzYqrAwY63sNgOxE4xEdq0WyUnXfKeBrSvYw==",
      "dev": true
    },
    "postcss": {
      "version": "8.3.5",
      "resolved": "https://registry.npmjs.org/postcss/-/postcss-8.3.5.tgz",
      "integrity": "sha512-NxTuJocUhYGsMiMFHDUkmjSKT3EdH4/WbGF6GCi1NDGk+vbcUTun4fpbOqaPtD8IIsztA2ilZm2DhYCuyN58gA==",
      "dev": true,
      "requires": {
        "colorette": "^1.2.2",
        "nanoid": "^3.1.23",
        "source-map-js": "^0.6.2"
      }
    },
    "prop-types": {
      "version": "15.7.2",
      "resolved": "https://registry.npmjs.org/prop-types/-/prop-types-15.7.2.tgz",
      "integrity": "sha512-8QQikdH7//R2vurIJSutZ1smHYTcLpRWEOlHnzcWHmBYrOGUysKwSsrC89BCiFj3CbrfJ/nXFdJepOVrY1GCHQ==",
      "requires": {
        "loose-envify": "^1.4.0",
        "object-assign": "^4.1.1",
        "react-is": "^16.8.1"
      }
    },
    "rc-align": {
      "version": "4.0.9",
      "resolved": "https://registry.npmjs.org/rc-align/-/rc-align-4.0.9.tgz",
      "integrity": "sha512-myAM2R4qoB6LqBul0leaqY8gFaiECDJ3MtQDmzDo9xM9NRT/04TvWOYd2YHU9zvGzqk9QXF6S9/MifzSKDZeMw==",
      "requires": {
        "@babel/runtime": "^7.10.1",
        "classnames": "2.x",
        "dom-align": "^1.7.0",
        "rc-util": "^5.3.0",
        "resize-observer-polyfill": "^1.5.1"
      }
    },
    "rc-motion": {
      "version": "2.4.4",
      "resolved": "https://registry.npmjs.org/rc-motion/-/rc-motion-2.4.4.tgz",
      "integrity": "sha512-ms7n1+/TZQBS0Ydd2Q5P4+wJTSOrhIrwNxLXCZpR7Fa3/oac7Yi803HDALc2hLAKaCTQtw9LmQeB58zcwOsqlQ==",
      "requires": {
        "@babel/runtime": "^7.11.1",
        "classnames": "^2.2.1",
        "rc-util": "^5.2.1"
      }
    },
    "rc-slider": {
      "version": "9.7.2",
      "resolved": "https://registry.npmjs.org/rc-slider/-/rc-slider-9.7.2.tgz",
      "integrity": "sha512-mVaLRpDo6otasBs6yVnG02ykI3K6hIrLTNfT5eyaqduFv95UODI9PDS6fWuVVehVpdS4ENgOSwsTjrPVun+k9g==",
      "requires": {
        "@babel/runtime": "^7.10.1",
        "classnames": "^2.2.5",
        "rc-tooltip": "^5.0.1",
        "rc-util": "^5.0.0",
        "shallowequal": "^1.1.0"
      }
    },
    "rc-tooltip": {
      "version": "5.1.1",
      "resolved": "https://registry.npmjs.org/rc-tooltip/-/rc-tooltip-5.1.1.tgz",
      "integrity": "sha512-alt8eGMJulio6+4/uDm7nvV+rJq9bsfxFDCI0ljPdbuoygUscbsMYb6EQgwib/uqsXQUvzk+S7A59uYHmEgmDA==",
      "requires": {
        "@babel/runtime": "^7.11.2",
        "rc-trigger": "^5.0.0"
      }
    },
    "rc-trigger": {
      "version": "5.2.9",
      "resolved": "https://registry.npmjs.org/rc-trigger/-/rc-trigger-5.2.9.tgz",
      "integrity": "sha512-0Bxsh2Xe+etejMn73am+jZBcOpsueAZiEKLiGoDfA0fvm/JHLNOiiww3zJ0qgyPOTmbYxhsxFcGOZu+VcbaZhQ==",
      "requires": {
        "@babel/runtime": "^7.11.2",
        "classnames": "^2.2.6",
        "rc-align": "^4.0.0",
        "rc-motion": "^2.0.0",
        "rc-util": "^5.5.0"
      }
    },
    "rc-util": {
      "version": "5.13.2",
      "resolved": "https://registry.npmjs.org/rc-util/-/rc-util-5.13.2.tgz",
      "integrity": "sha512-eYc71XXGlp96RMzg01Mhq/T3BL6OOVTDSS0urFEuvpi+e7slhJRhaHGCKy2hqJm18m9ff7VoRoptplKu60dYog==",
      "requires": {
        "@babel/runtime": "^7.12.5",
        "react-is": "^16.12.0",
        "shallowequal": "^1.1.0"
      }
    },
    "react": {
      "version": "17.0.2",
      "resolved": "https://registry.npmjs.org/react/-/react-17.0.2.tgz",
      "integrity": "sha512-gnhPt75i/dq/z3/6q/0asP78D0u592D5L1pd7M8P+dck6Fu/jJeL6iVVK23fptSUZj8Vjf++7wXA8UNclGQcbA==",
      "requires": {
        "loose-envify": "^1.1.0",
        "object-assign": "^4.1.1"
      }
    },
    "react-dom": {
      "version": "17.0.2",
      "resolved": "https://registry.npmjs.org/react-dom/-/react-dom-17.0.2.tgz",
      "integrity": "sha512-s4h96KtLDUQlsENhMn1ar8t2bEa+q/YAtj8pPPdIjPDGBDIVNsrD9aXNWqspUe6AzKCIG0C1HZZLqLV7qpOBGA==",
      "requires": {
        "loose-envify": "^1.1.0",
        "object-assign": "^4.1.1",
        "scheduler": "^0.20.2"
      }
    },
    "react-dropdown": {
      "version": "1.9.2",
      "resolved": "https://registry.npmjs.org/react-dropdown/-/react-dropdown-1.9.2.tgz",
      "integrity": "sha512-g4eufErTi5P5T5bGK+VmLl//qvAHy79jm6KKx8G2Tl3mG90bpigb+Aw85P+C2JUdAnIIQdv8kP/oHN314GvAfw==",
      "requires": {
        "classnames": "^2.2.3"
      }
    },
    "react-icons": {
      "version": "4.2.0",
      "resolved": "https://registry.npmjs.org/react-icons/-/react-icons-4.2.0.tgz",
      "integrity": "sha512-rmzEDFt+AVXRzD7zDE21gcxyBizD/3NqjbX6cmViAgdqfJ2UiLer8927/QhhrXQV7dEj/1EGuOTPp7JnLYVJKQ=="
    },
    "react-is": {
      "version": "16.13.1",
      "resolved": "https://registry.npmjs.org/react-is/-/react-is-16.13.1.tgz",
      "integrity": "sha512-24e6ynE2H+OKt4kqsOvNd8kBpV65zoxbA4BVsEOB3ARVWQki/DHzaUoC5KuON/BiccDaCCTZBuOcfZs70kR8bQ=="
    },
    "react-lifecycles-compat": {
      "version": "3.0.4",
      "resolved": "https://registry.npmjs.org/react-lifecycles-compat/-/react-lifecycles-compat-3.0.4.tgz",
      "integrity": "sha512-fBASbA6LnOU9dOU2eW7aQ8xmYBSXUIWr+UmF9b1efZBazGNO+rcXT/icdKnYm2pTwcRylVUYwW7H1PHfLekVzA=="
    },
    "react-modal": {
      "version": "3.14.3",
      "resolved": "https://registry.npmjs.org/react-modal/-/react-modal-3.14.3.tgz",
      "integrity": "sha512-+C2KODVKyu20zHXPJxfOOcf571L1u/EpFlH+oS/3YDn8rgVE51QZuxuuIwabJ8ZFnOEHaD+r6XNjqwtxZnXO0g==",
      "requires": {
        "exenv": "^1.2.0",
        "prop-types": "^15.7.2",
        "react-lifecycles-compat": "^3.0.0",
        "warning": "^4.0.3"
      }
    },
    "react-refresh": {
      "version": "0.9.0",
      "resolved": "https://registry.npmjs.org/react-refresh/-/react-refresh-0.9.0.tgz",
      "integrity": "sha512-Gvzk7OZpiqKSkxsQvO/mbTN1poglhmAV7gR/DdIrRrSMXraRQQlfikRJOr3Nb9GTMPC5kof948Zy6jJZIFtDvQ==",
      "dev": true
    },
    "react-toastify": {
      "version": "7.0.4",
      "resolved": "https://registry.npmjs.org/react-toastify/-/react-toastify-7.0.4.tgz",
      "integrity": "sha512-Rol7+Cn39hZp5hQ/k6CbMNE2CKYV9E5OQdC/hBLtIQU2xz7DdAm7xil4NITQTHR6zEbE5RVFbpgSwTD7xRGLeQ==",
      "requires": {
        "clsx": "^1.1.1"
      }
    },
    "reactive-button": {
      "version": "1.3.6",
      "resolved": "https://registry.npmjs.org/reactive-button/-/reactive-button-1.3.6.tgz",
      "integrity": "sha512-jUXDuqWCU2BGMtoVdAwqKvM4HTDnVhfTaq2NethhuVueI9ItUY/AvvJb6ETXwhDbjaD/rG4sRSl3F9emlgC35Q=="
    },
    "regenerator-runtime": {
      "version": "0.13.7",
      "resolved": "https://registry.npmjs.org/regenerator-runtime/-/regenerator-runtime-0.13.7.tgz",
      "integrity": "sha512-a54FxoJDIr27pgf7IgeQGxmqUNYrcV338lf/6gH456HZ/PhX+5BcwHXG9ajESmwe6WRO0tAzRUrRmNONWgkrew=="
    },
    "resize-observer-polyfill": {
      "version": "1.5.1",
      "resolved": "https://registry.npmjs.org/resize-observer-polyfill/-/resize-observer-polyfill-1.5.1.tgz",
      "integrity": "sha512-LwZrotdHOo12nQuZlHEmtuXdqGoOD0OhaxopaNFxWzInpEgaLWoVuAMbTzixuosCx2nEG58ngzW3vxdWoxIgdg=="
    },
    "resolve": {
      "version": "1.20.0",
      "resolved": "https://registry.npmjs.org/resolve/-/resolve-1.20.0.tgz",
      "integrity": "sha512-wENBPt4ySzg4ybFQW2TT1zMQucPK95HSh/nq2CFTZVOGut2+pQvSsgtda4d26YrYcr067wjbmzOG8byDPBX63A==",
      "requires": {
        "is-core-module": "^2.2.0",
        "path-parse": "^1.0.6"
      }
    },
    "resolve-from": {
      "version": "4.0.0",
      "resolved": "https://registry.npmjs.org/resolve-from/-/resolve-from-4.0.0.tgz",
      "integrity": "sha512-pb/MYmXstAkysRFx8piNI1tGFNQIFA3vkE3Gq4EuA1dF6gHp/+vgZqsCGJapvy8N3Q+4o7FwvquPJcnZ7RYy4g=="
    },
    "rollup": {
      "version": "2.52.7",
      "resolved": "https://registry.npmjs.org/rollup/-/rollup-2.52.7.tgz",
      "integrity": "sha512-55cSH4CCU6MaPr9TAOyrIC+7qFCHscL7tkNsm1MBfIJRRqRbCEY0mmeFn4Wg8FKsHtEH8r389Fz38r/o+kgXLg==",
      "dev": true,
      "requires": {
        "fsevents": "~2.3.2"
      }
    },
    "safe-buffer": {
      "version": "5.1.2",
      "resolved": "https://registry.npmjs.org/safe-buffer/-/safe-buffer-5.1.2.tgz",
      "integrity": "sha512-Gd2UZBJDkXlY7GbJxfsE8/nvKkUEU1G38c1siN6QP6a9PT9MmHB8GnpscSmMJSoF8LOIrt8ud/wPtojys4G6+g=="
    },
    "scheduler": {
      "version": "0.20.2",
      "resolved": "https://registry.npmjs.org/scheduler/-/scheduler-0.20.2.tgz",
      "integrity": "sha512-2eWfGgAqqWFGqtdMmcL5zCMK1U8KlXv8SQFGglL3CEtd0aDVDWgeF/YoCmvln55m5zSk3J/20hTaSBeSObsQDQ==",
      "requires": {
        "loose-envify": "^1.1.0",
        "object-assign": "^4.1.1"
      }
    },
    "semver": {
      "version": "6.3.0",
      "resolved": "https://registry.npmjs.org/semver/-/semver-6.3.0.tgz",
      "integrity": "sha512-b39TBaTSfV6yBrapU89p5fKekE2m/NwnDocOVruQFS1/veMgdzuPcnOM34M6CwxW8jH/lxEa5rBoDeUwu5HHTw==",
      "dev": true
    },
    "shallowequal": {
      "version": "1.1.0",
      "resolved": "https://registry.npmjs.org/shallowequal/-/shallowequal-1.1.0.tgz",
      "integrity": "sha512-y0m1JoUZSlPAjXVtPPW70aZWfIL/dSP7AFkRnniLCrK/8MDKog3TySTBmckD+RObVxH0v4Tox67+F14PdED2oQ=="
    },
    "source-map": {
      "version": "0.5.7",
      "resolved": "https://registry.npmjs.org/source-map/-/source-map-0.5.7.tgz",
      "integrity": "sha1-igOdLRAh0i0eoUyA2OpGi6LvP8w="
    },
    "source-map-js": {
      "version": "0.6.2",
      "resolved": "https://registry.npmjs.org/source-map-js/-/source-map-js-0.6.2.tgz",
      "integrity": "sha512-/3GptzWzu0+0MBQFrDKzw/DvvMTUORvgY6k6jd/VS6iCR4RDTKWH6v6WPwQoUO8667uQEf9Oe38DxAYWY5F/Ug==",
      "dev": true
    },
    "stylis": {
      "version": "4.0.10",
      "resolved": "https://registry.npmjs.org/stylis/-/stylis-4.0.10.tgz",
      "integrity": "sha512-m3k+dk7QeJw660eIKRRn3xPF6uuvHs/FFzjX3HQ5ove0qYsiygoAhwn5a3IYKaZPo5LrYD0rfVmtv1gNY1uYwg=="
    },
    "supports-color": {
      "version": "5.5.0",
      "resolved": "https://registry.npmjs.org/supports-color/-/supports-color-5.5.0.tgz",
      "integrity": "sha512-QjVjwdXIt408MIiAqCX4oUKsgU2EqAGzs2Ppkm4aQYbjm+ZEWEcW4SfFNTr4uMNZma0ey4f5lgLrkB0aX0QMow==",
      "requires": {
        "has-flag": "^3.0.0"
      }
    },
    "to-fast-properties": {
      "version": "2.0.0",
      "resolved": "https://registry.npmjs.org/to-fast-properties/-/to-fast-properties-2.0.0.tgz",
      "integrity": "sha1-3F5pjL0HkmW8c+A3doGk5Og/YW4="
    },
    "vite": {
      "version": "2.3.8",
      "resolved": "https://registry.npmjs.org/vite/-/vite-2.3.8.tgz",
      "integrity": "sha512-QiEx+iqNnJntSgSF2fWRQvRey9pORIrtNJzNyBJXwc+BdzWs83FQolX84cTBo393cfhObrtWa6180dAa4NLDiQ==",
      "dev": true,
      "requires": {
        "esbuild": "^0.12.8",
        "fsevents": "~2.3.2",
        "postcss": "^8.3.4",
        "resolve": "^1.20.0",
        "rollup": "^2.38.5"
      }
    },
    "warning": {
      "version": "4.0.3",
      "resolved": "https://registry.npmjs.org/warning/-/warning-4.0.3.tgz",
      "integrity": "sha512-rpJyN222KWIvHJ/F53XSZv0Zl/accqHR8et1kpaMTD/fLCRxtV8iX8czMzY7sVZupTI3zcUTg8eycS2kNF9l6w==",
      "requires": {
        "loose-envify": "^1.0.0"
      }
    },
    "yaml": {
      "version": "1.10.2",
      "resolved": "https://registry.npmjs.org/yaml/-/yaml-1.10.2.tgz",
      "integrity": "sha512-r3vXyErRCYJ7wg28yvBY5VSoAF8ZvlcW9/BwUzEtUsjvX/DKs24dIkuwjtuprwJJHsbyUbLApepYTR1BN4uHrg=="
    }
  }
}
